
Microsoft Visual Studio Solution File, Format Version 12.00
# Visual Studio Version 17
VisualStudioVersion = 17.3.32811.315
MinimumVisualStudioVersion = 10.0.40219.1
Project("{FAE04EC0-301F-11D3-BF4B-00C04F79EFBC}") = "ExpendedoraG2-2024-1", "ExpendedoraG2-2024-1.csproj", "{5B77AE9A-18C6-4AD9-ACD7-04EF8B921806}"
EndProject
Global
	GlobalSection(SolutionConfigurationPlatforms) = preSolution
		Debug|Any CPU = Debug|Any CPU
		Release|Any CPU = Release|Any CPU
	EndGlobalSection
	GlobalSection(ProjectConfigurationPlatforms) = postSolution
		{5B77AE9A-18C6-4AD9-ACD7-04EF8B921806}.Debug|Any CPU.ActiveCfg = Debug|Any CPU
		{5B77AE9A-18C6-4AD9-ACD7-04EF8B921806}.Debug|Any CPU.Build.0 = Debug|Any CPU
		{5B77AE9A-18C6-4AD9-ACD7-04EF8B921806}.Release|Any CPU.ActiveCfg = Release|Any CPU
		{5B77AE9A-18C6-4AD9-ACD7-04EF8B921806}.Release|Any CPU.Build.0 = Release|Any CPU
	EndGlobalSection
	GlobalSection(SolutionProperties) = preSolution
		HideSolutionNode = FALSE
	EndGlobalSection
	GlobalSection(ExtensibilityGlobals) = postSolution
		SolutionGuid = {845708AF-F099-4741-BBA9-F14714F2874C}
	EndGlobalSection
EndGlobal
